{
  "requires": true,
  "lockfileVersion": 1,
  "dependencies": {
    "@emotion/is-prop-valid": {
      "version": "0.8.6",
      "resolved": "https://registry.npmjs.org/@emotion/is-prop-valid/-/is-prop-valid-0.8.6.tgz",
      "integrity": "sha512-mnZMho3Sq8BfzkYYRVc8ilQTnc8U02Ytp6J1AwM6taQStZ3AhsEJBX2LzhA/LJirNCwM2VtHL3VFIZ+sNJUgUQ==",
      "requires": {
        "@emotion/memoize": "0.7.4"
      }
    },
    "@emotion/memoize": {
      "version": "0.7.4",
      "resolved": "https://registry.npmjs.org/@emotion/memoize/-/memoize-0.7.4.tgz",
      "integrity": "sha512-Ja/Vfqe3HpuzRsG1oBtWTHk2PGZ7GR+2Vz5iYGelAw8dx32K0y7PjVuxK6z1nMpZOqAFsRUPCkK1YjJ56qJlgw=="
    },
    "@styled-icons/boxicons-logos": {
      "version": "9.0.1",
      "resolved": "https://registry.npmjs.org/@styled-icons/boxicons-logos/-/boxicons-logos-9.0.1.tgz",
      "integrity": "sha512-6oAJUh5UNjiSR5OaOw02w4oReP31a+LbyepF9Q4ydp5eazpNCxGqBojar2p12VLnyndIxWsEzA6QH2L+guYVCw==",
      "requires": {
        "@styled-icons/styled-icon": "^9.0.1",
        "tslib": "^1.9.3"
      }
    },
    "@styled-icons/boxicons-regular": {
      "version": "9.0.1",
      "resolved": "https://registry.npmjs.org/@styled-icons/boxicons-regular/-/boxicons-regular-9.0.1.tgz",
      "integrity": "sha512-M4y0D0izCS7BQkW2PhS07E3/Cki9YMiCvVeJoPpJv2l0SJoNvYyw09SypyaDnM4vNNF8NtjE1AsfDyOqk7cT3g==",
      "requires": {
        "@styled-icons/styled-icon": "^9.0.1",
        "tslib": "^1.9.3"
      }
    },
    "@styled-icons/boxicons-solid": {
      "version": "9.0.1",
      "resolved": "https://registry.npmjs.org/@styled-icons/boxicons-solid/-/boxicons-solid-9.0.1.tgz",
      "integrity": "sha512-GzUq4pLLqEjQWHY7ayGjikLUAfntVQpYIoLwvEa0wYh+8oJLk0+VOlbZRCAXg5Yye/pMMySTgr4uO8i1nXOdlg==",
      "requires": {
        "@styled-icons/styled-icon": "^9.0.1",
        "tslib": "^1.9.3"
      }
    },
    "@styled-icons/crypto": {
      "version": "9.0.1",
      "resolved": "https://registry.npmjs.org/@styled-icons/crypto/-/crypto-9.0.1.tgz",
      "integrity": "sha512-gfOzMu4zqXZNSlWgcu5+psdUwuwBL8ajMpGwqZRjC4LAEuYMyJV8NWsd6XY7UEVXSz31xH+81Az75gKElN5hMg==",
      "requires": {
        "@styled-icons/styled-icon": "^9.0.1",
        "tslib": "^1.9.3"
      }
    },
    "@styled-icons/evil": {
      "version": "9.0.1",
      "resolved": "https://registry.npmjs.org/@styled-icons/evil/-/evil-9.0.1.tgz",
      "integrity": "sha512-r/C6XvO4iOXBvvWOC31GDozvj6WmyoYVfzZm5g9bTWhkbdmAJf+w4+ZHb8QnG7tpZ1XvEwbd8VrFIU70e9DLEg==",
      "requires": {
        "@styled-icons/styled-icon": "^9.0.1",
        "tslib": "^1.9.3"
      }
    },
    "@styled-icons/fa-brands": {
      "version": "9.1.0",
      "resolved": "https://registry.npmjs.org/@styled-icons/fa-brands/-/fa-brands-9.1.0.tgz",
      "integrity": "sha512-wBwiYSv7lcGpYG3rWmlRZbP1sbikc7nMgxKKk0nHJFdYM5jwv4npsKav2TXtN2BJlMvuYeU+eeud/EaNwFqFhA==",
      "requires": {
        "@styled-icons/styled-icon": "^9.0.1",
        "tslib": "^1.9.3"
      }
    },
    "@styled-icons/fa-regular": {
      "version": "9.1.0",
      "resolved": "https://registry.npmjs.org/@styled-icons/fa-regular/-/fa-regular-9.1.0.tgz",
      "integrity": "sha512-k0RqQp14XbvFqRFNm5DiqEbP6kRWkoebmeIwxsjEbpr4p+Yj+leC8aVrF8LBtDPgjrmLIWWuIdzZDKhRXnRujA==",
      "requires": {
        "@styled-icons/styled-icon": "^9.0.1",
        "tslib": "^1.9.3"
      }
    },
    "@styled-icons/fa-solid": {
      "version": "9.1.0",
      "resolved": "https://registry.npmjs.org/@styled-icons/fa-solid/-/fa-solid-9.1.0.tgz",
      "integrity": "sha512-rB0HDzp3F2XFoYMTWlWiYBcSIDOA2Y/NfBFEKo+G0mWH95etNecuSwRrERjdRYq0wWbtUJ8knrZerJY2CguXeQ==",
      "requires": {
        "@styled-icons/styled-icon": "^9.0.1",
        "tslib": "^1.9.3"
      }
    },
    "@styled-icons/feather": {
      "version": "9.1.0",
      "resolved": "https://registry.npmjs.org/@styled-icons/feather/-/feather-9.1.0.tgz",
      "integrity": "sha512-UCvpRgsIvpuUXVYvZhlxaNXjeF4C40FWL3GaojZXcHpgAs3KHVzp3u0pToYqZNO4mz+0oEXe1m13CPbkYegs5w==",
      "requires": {
        "@styled-icons/styled-icon": "^9.0.1",
        "tslib": "^1.9.3"
      }
    },
    "@styled-icons/icomoon": {
      "version": "9.0.1",
      "resolved": "https://registry.npmjs.org/@styled-icons/icomoon/-/icomoon-9.0.1.tgz",
      "integrity": "sha512-PHXCeq95ODVEz4TpEZKlKwOcWKRRqnFmqi6iqcD++EMaNfUQvWSvs0aP+724VqfkPrNmyTFvjn16toZlTAHrsg==",
      "requires": {
        "@styled-icons/styled-icon": "^9.0.1",
        "tslib": "^1.9.3"
      }
    },
    "@styled-icons/material": {
      "version": "9.0.1",
      "resolved": "https://registry.npmjs.org/@styled-icons/material/-/material-9.0.1.tgz",
      "integrity": "sha512-JaItREqxshqxFL9/sdLd9rjt8ESc0XdPmbR1EA6FckkUjn5U/+6rqE/oFP7norZh+JjG04QlXkmmNuQfq2YaxQ==",
      "requires": {
        "@styled-icons/styled-icon": "^9.0.1",
        "tslib": "^1.9.3"
      }
    },
    "@styled-icons/octicons": {
      "version": "9.1.0",
      "resolved": "https://registry.npmjs.org/@styled-icons/octicons/-/octicons-9.1.0.tgz",
      "integrity": "sha512-e/PT+FKyjOsHilpX3IS7iegR0jxDzfkmFay9g3v1f20AbzPekSdeuuQYikfhseCIf1EubD1dtnDU1vZunJHj1Q==",
      "requires": {
        "@styled-icons/styled-icon": "^9.0.1",
        "tslib": "^1.9.3"
      }
    },
    "@styled-icons/remix-fill": {
      "version": "9.0.1",
      "resolved": "https://registry.npmjs.org/@styled-icons/remix-fill/-/remix-fill-9.0.1.tgz",
      "integrity": "sha512-5rdgtMOB5jHk99XRrO4FMcrPazI0KieoKAuEUDDwLx0Wfw1DFfs7TMmLt41lF1Q4rzNFhHbN8M3LUtqYVJpgMw==",
      "requires": {
        "@styled-icons/styled-icon": "^9.0.1",
        "tslib": "^1.9.3"
      }
    },
    "@styled-icons/remix-line": {
      "version": "9.0.1",
      "resolved": "https://registry.npmjs.org/@styled-icons/remix-line/-/remix-line-9.0.1.tgz",
      "integrity": "sha512-hF1J7cHB2a5VjwCASjuAvMPTTqhCiD7WAPcO0wmamr0aNMzQ4ASvhp3iAKZgV+m5yWpnnGUbf/D3IWvz0LYdDQ==",
      "requires": {
        "@styled-icons/styled-icon": "^9.0.1",
        "tslib": "^1.9.3"
      }
    },
    "@styled-icons/styled-icon": {
      "version": "9.0.1",
      "resolved": "https://registry.npmjs.org/@styled-icons/styled-icon/-/styled-icon-9.0.1.tgz",
      "integrity": "sha512-ey16SAYEQ5MPOdTdk/7CRtjHN4DvAAi8+iXR/vjKlHfcS19giLBIXYquE+3t3Lp5CaKikHHqC5xPngYJB+wgng==",
      "requires": {
        "@emotion/is-prop-valid": "^0.8.5",
        "tslib": "^1.9.3"
      }
    },
    "@styled-icons/typicons": {
      "version": "9.0.1",
      "resolved": "https://registry.npmjs.org/@styled-icons/typicons/-/typicons-9.0.1.tgz",
      "integrity": "sha512-ZQd8pUeny6iTB70nhtjppmCLJYQ3b/hc4s87V2NXUdzHCa6aHOyUIySC5chZTMhcqjU/Tx11DGVoiu8NyMMWcg==",
      "requires": {
        "@styled-icons/styled-icon": "^9.0.1",
        "tslib": "^1.9.3"
      }
    },
    "react-parallax": {
      "version": "3.0.3",
      "resolved": "https://registry.npmjs.org/react-parallax/-/react-parallax-3.0.3.tgz",
      "integrity": "sha512-kdoMjg5B9nQFh3mTFrnzkr7AoG89L/tq1c98ho3g+11UwfeYePji9D3oeqN/oDtJemWKypnB8OYrzQ/BTazrNA=="
    },
    "styled-icons": {
      "version": "9.1.0",
      "resolved": "https://registry.npmjs.org/styled-icons/-/styled-icons-9.1.0.tgz",
      "integrity": "sha512-FcxTre02qgJyrPpIhGb7MDKfkkbHp6YmDovCZye3Zsv0bu1sfQl5Vz75nMR3cuT4FJiSt725EO8X0DKLeDLOCQ==",
      "requires": {
        "@styled-icons/boxicons-logos": "^9.0.1",
        "@styled-icons/boxicons-regular": "^9.0.1",
        "@styled-icons/boxicons-solid": "^9.0.1",
        "@styled-icons/crypto": "^9.0.1",
        "@styled-icons/evil": "^9.0.1",
        "@styled-icons/fa-brands": "^9.1.0",
        "@styled-icons/fa-regular": "^9.1.0",
        "@styled-icons/fa-solid": "^9.1.0",
        "@styled-icons/feather": "^9.1.0",
        "@styled-icons/icomoon": "^9.0.1",
        "@styled-icons/material": "^9.0.1",
        "@styled-icons/octicons": "^9.1.0",
        "@styled-icons/remix-fill": "^9.0.1",
        "@styled-icons/remix-line": "^9.0.1",
        "@styled-icons/styled-icon": "^9.0.1",
        "@styled-icons/typicons": "^9.0.1",
        "tslib": "^1.9.3"
      }
    },
    "tslib": {
      "version": "1.10.0",
      "resolved": "https://registry.npmjs.org/tslib/-/tslib-1.10.0.tgz",
      "integrity": "sha512-qOebF53frne81cf0S9B41ByenJ3/IuH8yJKngAX35CmiZySA0khhkovshKK+jGCaMnVomla7gVlIcc3EvKPbTQ=="
    }
  }
}
